{
  "requires": true,
  "lockfileVersion": 1,
  "dependencies": {
    "@angular/animations": {
      "version": "5.2.10",
      "resolved": "https://registry.npmjs.org/@angular/animations/-/animations-5.2.10.tgz",
      "integrity": "sha512-QNYXqnti8BeFriNaZ/juLnO6l0MVlVNUmLycC9ma+pdTiEJl8rtgZ0WXxgOCjScyKpInkWn2J+m9FI/78SYFpw==",
      "requires": {
        "tslib": "1.9.0"
      }
    },
    "@angular/cdk": {
      "version": "github:angular/cdk-builds#06257360cac6f2bedb3fb49756946e1102d96b6f",
      "requires": {
        "tslib": "1.9.0"
      }
    },
    "@angular/material": {
      "version": "github:angular/material2-builds#19468c8211da2c3d843ae8fe671a075bbb1b813c",
      "requires": {
        "tslib": "1.9.0"
      }
    },
    "es6-promise": {
      "version": "4.2.4",
      "resolved": "https://registry.npmjs.org/es6-promise/-/es6-promise-4.2.4.tgz",
      "integrity": "sha512-/NdNZVJg+uZgtm9eS3O6lrOLYmQag2DjdEXuPaHlZ6RuVqgqaVZfgYCepEIKsLqwdQArOPtC3XzRLqGGfT8KQQ=="
    },
    "tslib": {
      "version": "1.9.0",
      "resolved": "https://registry.npmjs.org/tslib/-/tslib-1.9.0.tgz",
      "integrity": "sha512-f/qGG2tUkrISBlQZEjEqoZ3B2+npJjIf04H1wuAv9iA8i04Icp+61KRXxFdha22670NJopsZCIjhC3SnjPRKrQ=="
    }
  }
}
